// !$*UTF8*$!
{
	archiveVersion = 1;
	classes = {
	};
	objectVersion = 55;
	objects = {

/* Begin PBXBuildFile section */
		1E408C4F27F0060900E4AEAE /* Quote.swift in Sources */ = {isa = PBXBuildFile; fileRef = 1E408C4E27F0060900E4AEAE /* Quote.swift */; };
		1E42336E27F0014800ACA3EB /* AppDelegate.swift in Sources */ = {isa = PBXBuildFile; fileRef = 1E42336D27F0014800ACA3EB /* AppDelegate.swift */; };
		1E42337027F0014800ACA3EB /* SceneDelegate.swift in Sources */ = {isa = PBXBuildFile; fileRef = 1E42336F27F0014800ACA3EB /* SceneDelegate.swift */; };
		1E42337227F0014800ACA3EB /* ViewController.swift in Sources */ = {isa = PBXBuildFile; fileRef = 1E42337127F0014800ACA3EB /* ViewController.swift */; };
		1E42337527F0014800ACA3EB /* Main.storyboard in Resources */ = {isa = PBXBuildFile; fileRef = 1E42337327F0014800ACA3EB /* Main.storyboard */; };
		1E42337727F0014800ACA3EB /* Assets.xcassets in Resources */ = {isa = PBXBuildFile; fileRef = 1E42337627F0014800ACA3EB /* Assets.xcassets */; };
		1E42337A27F0014800ACA3EB /* LaunchScreen.storyboard in Resources */ = {isa = PBXBuildFile; fileRef = 1E42337827F0014800ACA3EB /* LaunchScreen.storyboard */; };
		1EFC89D327F08903007753FA /* TableViewController.swift in Sources */ = {isa = PBXBuildFile; fileRef = 1EFC89D227F08903007753FA /* TableViewController.swift */; };
		4129E1AAA28F1CAB130F959D /* Pods_PromisesExample.framework in Frameworks */ = {isa = PBXBuildFile; fileRef = 5C806E68748B18A9D7F8B7AF /* Pods_PromisesExample.framework */; };
/* End PBXBuildFile section */

/* Begin PBXFileReference section */
		1E408C4E27F0060900E4AEAE /* Quote.swift */ = {isa = PBXFileReference; lastKnownFileType = sourcecode.swift; path = Quote.swift; sourceTree = "<group>"; };
		1E42336A27F0014800ACA3EB /* PromisesExample.app */ = {isa = PBXFileReference; explicitFileType = wrapper.application; includeInIndex = 0; path = PromisesExample.app; sourceTree = BUILT_PRODUCTS_DIR; };
		1E42336D27F0014800ACA3EB /* AppDelegate.swift */ = {isa = PBXFileReference; lastKnownFileType = sourcecode.swift; path = AppDelegate.swift; sourceTree = "<group>"; };
		1E42336F27F0014800ACA3EB /* SceneDelegate.swift */ = {isa = PBXFileReference; lastKnownFileType = sourcecode.swift; path = SceneDelegate.swift; sourceTree = "<group>"; };
		1E42337127F0014800ACA3EB /* ViewController.swift */ = {isa = PBXFileReference; lastKnownFileType = sourcecode.swift; path = ViewController.swift; sourceTree = "<group>"; };
		1E42337427F0014800ACA3EB /* Base */ = {isa = PBXFileReference; lastKnownFileType = file.storyboard; name = Base; path = Base.lproj/Main.storyboard; sourceTree = "<group>"; };
		1E42337627F0014800ACA3EB /* Assets.xcassets */ = {isa = PBXFileReference; lastKnownFileType = folder.assetcatalog; path = Assets.xcassets; sourceTree = "<group>"; };
		1E42337927F0014800ACA3EB /* Base */ = {isa = PBXFileReference; lastKnownFileType = file.storyboard; name = Base; path = Base.lproj/LaunchScreen.storyboard; sourceTree = "<group>"; };
		1E42337B27F0014800ACA3EB /* Info.plist */ = {isa = PBXFileReference; lastKnownFileType = text.plist.xml; path = Info.plist; sourceTree = "<group>"; };
		1EFC89D227F08903007753FA /* TableViewController.swift */ = {isa = PBXFileReference; lastKnownFileType = sourcecode.swift; path = TableViewController.swift; sourceTree = "<group>"; };
		3F7DD4A15B8929C16362B834 /* Pods-PromisesExample.release.xcconfig */ = {isa = PBXFileReference; includeInIndex = 1; lastKnownFileType = text.xcconfig; name = "Pods-PromisesExample.release.xcconfig"; path = "Target Support Files/Pods-PromisesExample/Pods-PromisesExample.release.xcconfig"; sourceTree = "<group>"; };
		5C806E68748B18A9D7F8B7AF /* Pods_PromisesExample.framework */ = {isa = PBXFileReference; explicitFileType = wrapper.framework; includeInIndex = 0; path = Pods_PromisesExample.framework; sourceTree = BUILT_PRODUCTS_DIR; };
		7E76DC9330AB7B950D3225DA /* Pods-PromisesExample.debug.xcconfig */ = {isa = PBXFileReference; includeInIndex = 1; lastKnownFileType = text.xcconfig; name = "Pods-PromisesExample.debug.xcconfig"; path = "Target Support Files/Pods-PromisesExample/Pods-PromisesExample.debug.xcconfig"; sourceTree = "<group>"; };
/* End PBXFileReference section */

/* Begin PBXFrameworksBuildPhase section */
		1E42336727F0014800ACA3EB /* Frameworks */ = {
			isa = PBXFrameworksBuildPhase;
			buildActionMask = 2147483647;
			files = (
				4129E1AAA28F1CAB130F959D /* Pods_PromisesExample.framework in Frameworks */,
			);
			runOnlyForDeploymentPostprocessing = 0;
		};
/* End PBXFrameworksBuildPhase section */

/* Begin PBXGroup section */
		1E42336127F0014800ACA3EB = {
			isa = PBXGroup;
			children = (
				1E42336C27F0014800ACA3EB /* PromisesExample */,
				1E42336B27F0014800ACA3EB /* Products */,
				6BC2B031D07A97A36CE3372F /* Pods */,
				FECA6FBB9946B17088F97E4D /* Frameworks */,
			);
			sourceTree = "<group>";
		};
		1E42336B27F0014800ACA3EB /* Products */ = {
			isa = PBXGroup;
			children = (
				1E42336A27F0014800ACA3EB /* PromisesExample.app */,
			);
			name = Products;
			sourceTree = "<group>";
		};
		1E42336C27F0014800ACA3EB /* PromisesExample */ = {
			isa = PBXGroup;
			children = (
				1E42336D27F0014800ACA3EB /* AppDelegate.swift */,
				1E42336F27F0014800ACA3EB /* SceneDelegate.swift */,
				1E42337127F0014800ACA3EB /* ViewController.swift */,
				1E42337327F0014800ACA3EB /* Main.storyboard */,
				1E42337627F0014800ACA3EB /* Assets.xcassets */,
				1E42337827F0014800ACA3EB /* LaunchScreen.storyboard */,
				1E42337B27F0014800ACA3EB /* Info.plist */,
				1E408C4E27F0060900E4AEAE /* Quote.swift */,
				1EFC89D227F08903007753FA /* TableViewController.swift */,
			);
			path = PromisesExample;
			sourceTree = "<group>";
		};
		6BC2B031D07A97A36CE3372F /* Pods */ = {
			isa = PBXGroup;
			children = (
				7E76DC9330AB7B950D3225DA /* Pods-PromisesExample.debug.xcconfig */,
				3F7DD4A15B8929C16362B834 /* Pods-PromisesExample.release.xcconfig */,
			);
			path = Pods;
			sourceTree = "<group>";
		};
		FECA6FBB9946B17088F97E4D /* Frameworks */ = {
			isa = PBXGroup;
			children = (
				5C806E68748B18A9D7F8B7AF /* Pods_PromisesExample.framework */,
			);
			name = Frameworks;
			sourceTree = "<group>";
		};
/* End PBXGroup section */

/* Begin PBXNativeTarget section */
		1E42336927F0014800ACA3EB /* PromisesExample */ = {
			isa = PBXNativeTarget;
			buildConfigurationList = 1E42337E27F0014800ACA3EB /* Build configuration list for PBXNativeTarget "PromisesExample" */;
			buildPhases = (
				25BE148323B9B22DE5780361 /* [CP] Check Pods Manifest.lock */,
				1E42336627F0014800ACA3EB /* Sources */,
				1E42336727F0014800ACA3EB /* Frameworks */,
				1E42336827F0014800ACA3EB /* Resources */,
				530FC7AB99E650997A4D9FEE /* [CP] Embed Pods Frameworks */,
			);
			buildRules = (
			);
			dependencies = (
			);
			name = PromisesExample;
			productName = PromisesExample;
			productReference = 1E42336A27F0014800ACA3EB /* PromisesExample.app */;
			productType = "com.apple.product-type.application";
		};
/* End PBXNativeTarget section */

/* Begin PBXProject section */
		1E42336227F0014800ACA3EB /* Project object */ = {
			isa = PBXProject;
			attributes = {
				BuildIndependentTargetsInParallel = 1;
				LastSwiftUpdateCheck = 1330;
				LastUpgradeCheck = 1330;
				TargetAttributes = {
					1E42336927F0014800ACA3EB = {
						CreatedOnToolsVersion = 13.3;
					};
				};
			};
			buildConfigurationList = 1E42336527F0014800ACA3EB /* Build configuration list for PBXProject "PromisesExample" */;
			compatibilityVersion = "Xcode 13.0";
			developmentRegion = en;
			hasScannedForEncodings = 0;
			knownRegions = (
				en,
				Base,
			);
			mainGroup = 1E42336127F0014800ACA3EB;
			productRefGroup = 1E42336B27F0014800ACA3EB /* Products */;
			projectDirPath = "";
			projectRoot = "";
			targets = (
				1E42336927F0014800ACA3EB /* PromisesExample */,
			);
		};
/* End PBXProject section */

/* Begin PBXResourcesBuildPhase section */
		1E42336827F0014800ACA3EB /* Resources */ = {
			isa = PBXResourcesBuildPhase;
			buildActionMask = 2147483647;
			files = (
				1E42337A27F0014800ACA3EB /* LaunchScreen.storyboard in Resources */,
				1E42337727F0014800ACA3EB /* Assets.xcassets in Resources */,
				1E42337527F0014800ACA3EB /* Main.storyboard in Resources */,
			);
			runOnlyForDeploymentPostprocessing = 0;
		};
/* End PBXResourcesBuildPhase section */

/* Begin PBXShellScriptBuildPhase section */
		25BE148323B9B22DE5780361 /* [CP] Check Pods Manifest.lock */ = {
			isa = PBXShellScriptBuildPhase;
			buildActionMask = 2147483647;
			files = (
			);
			inputFileListPaths = (
			);
			inputPaths = (
				"${PODS_PODFILE_DIR_PATH}/Podfile.lock",
				"${PODS_ROOT}/Manifest.lock",
			);
			name = "[CP] Check Pods Manifest.lock";
			outputFileListPaths = (
			);
			outputPaths = (
				"$(DERIVED_FILE_DIR)/Pods-PromisesExample-checkManifestLockResult.txt",
			);
			runOnlyForDeploymentPostprocessing = 0;
			shellPath = /bin/sh;
			shellScript = "diff \"${PODS_PODFILE_DIR_PATH}/Podfile.lock\" \"${PODS_ROOT}/Manifest.lock\" > /dev/null\nif [ $? != 0 ] ; then\n    # print error to STDERR\n    echo \"error: The sandbox is not in sync with the Podfile.lock. Run 'pod install' or update your CocoaPods installation.\" >&2\n    exit 1\nfi\n# This output is used by Xcode 'outputs' to avoid re-running this script phase.\necho \"SUCCESS\" > \"${SCRIPT_OUTPUT_FILE_0}\"\n";
			showEnvVarsInLog = 0;
		};
		530FC7AB99E650997A4D9FEE /* [CP] Embed Pods Frameworks */ = {
			isa = PBXShellScriptBuildPhase;
			buildActionMask = 2147483647;
			files = (
			);
			inputFileListPaths = (
				"${PODS_ROOT}/Target Support Files/Pods-PromisesExample/Pods-PromisesExample-frameworks-${CONFIGURATION}-input-files.xcfilelist",
			);
			name = "[CP] Embed Pods Frameworks";
			outputFileListPaths = (
				"${PODS_ROOT}/Target Support Files/Pods-PromisesExample/Pods-PromisesExample-frameworks-${CONFIGURATION}-output-files.xcfilelist",
			);
			runOnlyForDeploymentPostprocessing = 0;
			shellPath = /bin/sh;
			shellScript = "\"${PODS_ROOT}/Target Support Files/Pods-PromisesExample/Pods-PromisesExample-frameworks.sh\"\n";
			showEnvVarsInLog = 0;
		};
/* End PBXShellScriptBuildPhase section */

/* Begin PBXSourcesBuildPhase section */
		1E42336627F0014800ACA3EB /* Sources */ = {
			isa = PBXSourcesBuildPhase;
			buildActionMask = 2147483647;
			files = (
				1E408C4F27F0060900E4AEAE /* Quote.swift in Sources */,
				1E42337227F0014800ACA3EB /* ViewController.swift in Sources */,
				1E42336E27F0014800ACA3EB /* AppDelegate.swift in Sources */,
				1EFC89D327F08903007753FA /* TableViewController.swift in Sources */,
				1E42337027F0014800ACA3EB /* SceneDelegate.swift in Sources */,
			);
			runOnlyForDeploymentPostprocessing = 0;
		};
/* End PBXSourcesBuildPhase section */

/* Begin PBXVariantGroup section */
		1E42337327F0014800ACA3EB /* Main.storyboard */ = {
			isa = PBXVariantGroup;
			children = (
				1E42337427F0014800ACA3EB /* Base */,
			);
			name = Main.storyboard;
			sourceTree = "<group>";
		};
		1E42337827F0014800ACA3EB /* LaunchScreen.storyboard */ = {
			isa = PBXVariantGroup;
			children = (
				1E42337927F0014800ACA3EB /* Base */,
			);
			name = LaunchScreen.storyboard;
			sourceTree = "<group>";
		};
/* End PBXVariantGroup section */

/* Begin XCBuildConfiguration section */
		1E42337C27F0014800ACA3EB /* Debug */ = {
			isa = XCBuildConfiguration;
			buildSettings = {
				ALWAYS_SEARCH_USER_PATHS = NO;
				CLANG_ANALYZER_NONNULL = YES;
				CLANG_ANALYZER_NUMBER_OBJECT_CONVERSION = YES_AGGRESSIVE;
				CLANG_CXX_LANGUAGE_STANDARD = "gnu++17";
				CLANG_ENABLE_MODULES = YES;
				CLANG_ENABLE_OBJC_ARC = YES;
				CLANG_ENABLE_OBJC_WEAK = YES;
				CLANG_WARN_BLOCK_CAPTURE_AUTORELEASING = YES;
				CLANG_WARN_BOOL_CONVERSION = YES;
				CLANG_WARN_COMMA = YES;
				CLANG_WARN_CONSTANT_CONVERSION = YES;
				CLANG_WARN_DEPRECATED_OBJC_IMPLEMENTATIONS = YES;
				CLANG_WARN_DIRECT_OBJC_ISA_USAGE = YES_ERROR;
				CLANG_WARN_DOCUMENTATION_COMMENTS = YES;
				CLANG_WARN_EMPTY_BODY = YES;
				CLANG_WARN_ENUM_CONVERSION = YES;
				CLANG_WARN_INFINITE_RECURSION = YES;
				CLANG_WARN_INT_CONVERSION = YES;
				CLANG_WARN_NON_LITERAL_NULL_CONVERSION = YES;
				CLANG_WARN_OBJC_IMPLICIT_RETAIN_SELF = YES;
				CLANG_WARN_OBJC_LITERAL_CONVERSION = YES;
				CLANG_WARN_OBJC_ROOT_CLASS = YES_ERROR;
				CLANG_WARN_QUOTED_INCLUDE_IN_FRAMEWORK_HEADER = YES;
				CLANG_WARN_RANGE_LOOP_ANALYSIS = YES;
				CLANG_WARN_STRICT_PROTOTYPES = YES;
				CLANG_WARN_SUSPICIOUS_MOVE = YES;
				CLANG_WARN_UNGUARDED_AVAILABILITY = YES_AGGRESSIVE;
				CLANG_WARN_UNREACHABLE_CODE = YES;
				CLANG_WARN__DUPLICATE_METHOD_MATCH = YES;
				COPY_PHASE_STRIP = NO;
				DEBUG_INFORMATION_FORMAT = dwarf;
				ENABLE_STRICT_OBJC_MSGSEND = YES;
				ENABLE_TESTABILITY = YES;
				GCC_C_LANGUAGE_STANDARD = gnu11;
				GCC_DYNAMIC_NO_PIC = NO;
				GCC_NO_COMMON_BLOCKS = YES;
				GCC_OPTIMIZATION_LEVEL = 0;
				GCC_PREPROCESSOR_DEFINITIONS = (
					"DEBUG=1",
					"$(inherited)",
				);
				GCC_WARN_64_TO_32_BIT_CONVERSION = YES;
				GCC_WARN_ABOUT_RETURN_TYPE = YES_ERROR;
				GCC_WARN_UNDECLARED_SELECTOR = YES;
				GCC_WARN_UNINITIALIZED_AUTOS = YES_AGGRESSIVE;
				GCC_WARN_UNUSED_FUNCTION = YES;
				GCC_WARN_UNUSED_VARIABLE = YES;
				IPHONEOS_DEPLOYMENT_TARGET = 15.4;
				MTL_ENABLE_DEBUG_INFO = INCLUDE_SOURCE;
				MTL_FAST_MATH = YES;
				ONLY_ACTIVE_ARCH = YES;
				SDKROOT = iphoneos;
				SWIFT_ACTIVE_COMPILATION_CONDITIONS = DEBUG;
				SWIFT_OPTIMIZATION_LEVEL = "-Onone";
			};
			name = Debug;
		};
		1E42337D27F0014800ACA3EB /* Release */ = {
			isa = XCBuildConfiguration;
			buildSettings = {
				ALWAYS_SEARCH_USER_PATHS = NO;
				CLANG_ANALYZER_NONNULL = YES;
				CLANG_ANALYZER_NUMBER_OBJECT_CONVERSION = YES_AGGRESSIVE;
				CLANG_CXX_LANGUAGE_STANDARD = "gnu++17";
				CLANG_ENABLE_MODULES = YES;
				CLANG_ENABLE_OBJC_ARC = YES;
				CLANG_ENABLE_OBJC_WEAK = YES;
				CLANG_WARN_BLOCK_CAPTURE_AUTORELEASING = YES;
				CLANG_WARN_BOOL_CONVERSION = YES;
				CLANG_WARN_COMMA = YES;
				CLANG_WARN_CONSTANT_CONVERSION = YES;
				CLANG_WARN_DEPRECATED_OBJC_IMPLEMENTATIONS = YES;
				CLANG_WARN_DIRECT_OBJC_ISA_USAGE = YES_ERROR;
				CLANG_WARN_DOCUMENTATION_COMMENTS = YES;
				CLANG_WARN_EMPTY_BODY = YES;
				CLANG_WARN_ENUM_CONVERSION = YES;
				CLANG_WARN_INFINITE_RECURSION = YES;
				CLANG_WARN_INT_CONVERSION = YES;
				CLANG_WARN_NON_LITERAL_NULL_CONVERSION = YES;
				CLANG_WARN_OBJC_IMPLICIT_RETAIN_SELF = YES;
				CLANG_WARN_OBJC_LITERAL_CONVERSION = YES;
				CLANG_WARN_OBJC_ROOT_CLASS = YES_ERROR;
				CLANG_WARN_QUOTED_INCLUDE_IN_FRAMEWORK_HEADER = YES;
				CLANG_WARN_RANGE_LOOP_ANALYSIS = YES;
				CLANG_WARN_STRICT_PROTOTYPES = YES;
				CLANG_WARN_SUSPICIOUS_MOVE = YES;
				CLANG_WARN_UNGUARDED_AVAILABILITY = YES_AGGRESSIVE;
				CLANG_WARN_UNREACHABLE_CODE = YES;
				CLANG_WARN__DUPLICATE_METHOD_MATCH = YES;
				COPY_PHASE_STRIP = NO;
				DEBUG_INFORMATION_FORMAT = "dwarf-with-dsym";
				ENABLE_NS_ASSERTIONS = NO;
				ENABLE_STRICT_OBJC_MSGSEND = YES;
				GCC_C_LANGUAGE_STANDARD = gnu11;
				GCC_NO_COMMON_BLOCKS = YES;
				GCC_WARN_64_TO_32_BIT_CONVERSION = YES;
				GCC_WARN_ABOUT_RETURN_TYPE = YES_ERROR;
				GCC_WARN_UNDECLARED_SELECTOR = YES;
				GCC_WARN_UNINITIALIZED_AUTOS = YES_AGGRESSIVE;
				GCC_WARN_UNUSED_FUNCTION = YES;
				GCC_WARN_UNUSED_VARIABLE = YES;
				IPHONEOS_DEPLOYMENT_TARGET = 15.4;
				MTL_ENABLE_DEBUG_INFO = NO;
				MTL_FAST_MATH = YES;
				SDKROOT = iphoneos;
				SWIFT_COMPILATION_MODE = wholemodule;
				SWIFT_OPTIMIZATION_LEVEL = "-O";
				VALIDATE_PRODUCT = YES;
			};
			name = Release;
		};
		1E42337F27F0014800ACA3EB /* Debug */ = {
			isa = XCBuildConfiguration;
			baseConfigurationReference = 7E76DC9330AB7B950D3225DA /* Pods-PromisesExample.debug.xcconfig */;
			buildSettings = {
				ASSETCATALOG_COMPILER_APPICON_NAME = AppIcon;
				ASSETCATALOG_COMPILER_GLOBAL_ACCENT_COLOR_NAME = AccentColor;
				CODE_SIGN_STYLE = Automatic;
				CURRENT_PROJECT_VERSION = 1;
				GENERATE_INFOPLIST_FILE = YES;
				INFOPLIST_FILE = PromisesExample/Info.plist;
				INFOPLIST_KEY_UIApplicationSupportsIndirectInputEvents = YES;
				INFOPLIST_KEY_UILaunchStoryboardName = LaunchScreen;
				INFOPLIST_KEY_UIMainStoryboardFile = Main;
				INFOPLIST_KEY_UISupportedInterfaceOrientations_iPad = "UIInterfaceOrientationPortrait UIInterfaceOrientationPortraitUpsideDown UIInterfaceOrientationLandscapeLeft UIInterfaceOrientationLandscapeRight";
				INFOPLIST_KEY_UISupportedInterfaceOrientations_iPhone = "UIInterfaceOrientationPortrait UIInterfaceOrientationLandscapeLeft UIInterfaceOrientationLandscapeRight";
				LD_RUNPATH_SEARCH_PATHS = (
					"$(inherited)",
					"@executable_path/Frameworks",
				);
				MARKETING_VERSION = 1.0;
				PRODUCT_BUNDLE_IDENTIFIER = edu.northeastern.martin.PromisesExample;
				PRODUCT_NAME = "$(TARGET_NAME)";
				SWIFT_EMIT_LOC_STRINGS = YES;
				SWIFT_VERSION = 5.0;
				TARGETED_DEVICE_FAMILY = "1,2";
			};
			name = Debug;
		};
		1E42338027F0014800ACA3EB /* Release */ = {
			isa = XCBuildConfiguration;
			baseConfigurationReference = 3F7DD4A15B8929C16362B834 /* Pods-PromisesExample.release.xcconfig */;
			buildSettings = {
				ASSETCATALOG_COMPILER_APPICON_NAME = AppIcon;
				ASSETCATALOG_COMPILER_GLOBAL_ACCENT_COLOR_NAME = AccentColor;
				CODE_SIGN_STYLE = Automatic;
				CURRENT_PROJECT_VERSION = 1;
				GENERATE_INFOPLIST_FILE = YES;
				INFOPLIST_FILE = PromisesExample/Info.plist;
				INFOPLIST_KEY_UIApplicationSupportsIndirectInputEvents = YES;
				INFOPLIST_KEY_UILaunchStoryboardName = LaunchScreen;
				INFOPLIST_KEY_UIMainStoryboardFile = Main;
				INFOPLIST_KEY_UISupportedInterfaceOrientations_iPad = "UIInterfaceOrientationPortrait UIInterfaceOrientationPortraitUpsideDown UIInterfaceOrientationLandscapeLeft UIInterfaceOrientationLandscapeRight";
				INFOPLIST_KEY_UISupportedInterfaceOrientations_iPhone = "UIInterfaceOrientationPortrait UIInterfaceOrientationLandscapeLeft UIInterfaceOrientationLandscapeRight";
				LD_RUNPATH_SEARCH_PATHS = (
					"$(inherited)",
					"@executable_path/Frameworks",
				);
				MARKETING_VERSION = 1.0;
				PRODUCT_BUNDLE_IDENTIFIER = edu.northeastern.martin.PromisesExample;
				PRODUCT_NAME = "$(TARGET_NAME)";
				SWIFT_EMIT_LOC_STRINGS = YES;
				SWIFT_VERSION = 5.0;
				TARGETED_DEVICE_FAMILY = "1,2";
			};
			name = Release;
		};
/* End XCBuildConfiguration section */

/* Begin XCConfigurationList section */
		1E42336527F0014800ACA3EB /* Build configuration list for PBXProject "PromisesExample" */ = {
			isa = XCConfigurationList;
			buildConfigurations = (
				1E42337C27F0014800ACA3EB /* Debug */,
				1E42337D27F0014800ACA3EB /* Release */,
			);
			defaultConfigurationIsVisible = 0;
			defaultConfigurationName = Release;
		};
		1E42337E27F0014800ACA3EB /* Build configuration list for PBXNativeTarget "PromisesExample" */ = {
			isa = XCConfigurationList;
			buildConfigurations = (
				1E42337F27F0014800ACA3EB /* Debug */,
				1E42338027F0014800ACA3EB /* Release */,
			);
			defaultConfigurationIsVisible = 0;
			defaultConfigurationName = Release;
		};
/* End XCConfigurationList section */
	};
	rootObject = 1E42336227F0014800ACA3EB /* Project object */;
}
