// !$*UTF8*$!
{
	archiveVersion = 1;
	classes = {
	};
	objectVersion = 55;
	objects = {

/* Begin PBXBuildFile section */
		1E3C7D9D27CC08F100B59FFA /* AppDelegate.swift in Sources */ = {isa = PBXBuildFile; fileRef = 1E3C7D9C27CC08F100B59FFA /* AppDelegate.swift */; };
		1E3C7D9F27CC08F100B59FFA /* SceneDelegate.swift in Sources */ = {isa = PBXBuildFile; fileRef = 1E3C7D9E27CC08F100B59FFA /* SceneDelegate.swift */; };
		1E3C7DA427CC08F100B59FFA /* Main.storyboard in Resources */ = {isa = PBXBuildFile; fileRef = 1E3C7DA227CC08F100B59FFA /* Main.storyboard */; };
		1E3C7DA627CC08F200B59FFA /* Assets.xcassets in Resources */ = {isa = PBXBuildFile; fileRef = 1E3C7DA527CC08F200B59FFA /* Assets.xcassets */; };
		1E3C7DA927CC08F200B59FFA /* LaunchScreen.storyboard in Resources */ = {isa = PBXBuildFile; fileRef = 1E3C7DA727CC08F200B59FFA /* LaunchScreen.storyboard */; };
		1EC984C927CC0ECB00693AF2 /* URLConstants.swift in Sources */ = {isa = PBXBuildFile; fileRef = 1EC984C827CC0ECB00693AF2 /* URLConstants.swift */; };
		1EC984CB27CC0EE500693AF2 /* APIKeyfile.swift in Sources */ = {isa = PBXBuildFile; fileRef = 1EC984CA27CC0EE500693AF2 /* APIKeyfile.swift */; };
		1EC984CF27CC104D00693AF2 /* StockShort.swift in Sources */ = {isa = PBXBuildFile; fileRef = 1EC984CE27CC104D00693AF2 /* StockShort.swift */; };
		1EC984D327CC146500693AF2 /* StockViewController.swift in Sources */ = {isa = PBXBuildFile; fileRef = 1EC984D227CC146500693AF2 /* StockViewController.swift */; };
		6DFEFE5662313AEAE3C1E69E /* Pods_stockMaster.framework in Frameworks */ = {isa = PBXBuildFile; fileRef = 3D225F368F70754A70686016 /* Pods_stockMaster.framework */; };
/* End PBXBuildFile section */

/* Begin PBXFileReference section */
		1E3C7D9927CC08F100B59FFA /* stockMaster.app */ = {isa = PBXFileReference; explicitFileType = wrapper.application; includeInIndex = 0; path = stockMaster.app; sourceTree = BUILT_PRODUCTS_DIR; };
		1E3C7D9C27CC08F100B59FFA /* AppDelegate.swift */ = {isa = PBXFileReference; lastKnownFileType = sourcecode.swift; path = AppDelegate.swift; sourceTree = "<group>"; };
		1E3C7D9E27CC08F100B59FFA /* SceneDelegate.swift */ = {isa = PBXFileReference; lastKnownFileType = sourcecode.swift; path = SceneDelegate.swift; sourceTree = "<group>"; };
		1E3C7DA327CC08F100B59FFA /* Base */ = {isa = PBXFileReference; lastKnownFileType = file.storyboard; name = Base; path = Base.lproj/Main.storyboard; sourceTree = "<group>"; };
		1E3C7DA527CC08F200B59FFA /* Assets.xcassets */ = {isa = PBXFileReference; lastKnownFileType = folder.assetcatalog; path = Assets.xcassets; sourceTree = "<group>"; };
		1E3C7DA827CC08F200B59FFA /* Base */ = {isa = PBXFileReference; lastKnownFileType = file.storyboard; name = Base; path = Base.lproj/LaunchScreen.storyboard; sourceTree = "<group>"; };
		1E3C7DAA27CC08F200B59FFA /* Info.plist */ = {isa = PBXFileReference; lastKnownFileType = text.plist.xml; path = Info.plist; sourceTree = "<group>"; };
		1EC984C827CC0ECB00693AF2 /* URLConstants.swift */ = {isa = PBXFileReference; lastKnownFileType = sourcecode.swift; path = URLConstants.swift; sourceTree = "<group>"; };
		1EC984CA27CC0EE500693AF2 /* APIKeyfile.swift */ = {isa = PBXFileReference; lastKnownFileType = sourcecode.swift; path = APIKeyfile.swift; sourceTree = "<group>"; };
		1EC984CE27CC104D00693AF2 /* StockShort.swift */ = {isa = PBXFileReference; lastKnownFileType = sourcecode.swift; path = StockShort.swift; sourceTree = "<group>"; };
		1EC984D227CC146500693AF2 /* StockViewController.swift */ = {isa = PBXFileReference; lastKnownFileType = sourcecode.swift; path = StockViewController.swift; sourceTree = "<group>"; };
		3D225F368F70754A70686016 /* Pods_stockMaster.framework */ = {isa = PBXFileReference; explicitFileType = wrapper.framework; includeInIndex = 0; path = Pods_stockMaster.framework; sourceTree = BUILT_PRODUCTS_DIR; };
		56DA411AD2E012E2E8301FBD /* Pods-stockMaster.release.xcconfig */ = {isa = PBXFileReference; includeInIndex = 1; lastKnownFileType = text.xcconfig; name = "Pods-stockMaster.release.xcconfig"; path = "Target Support Files/Pods-stockMaster/Pods-stockMaster.release.xcconfig"; sourceTree = "<group>"; };
		8ABEF77CEF6D3F2CD875DF37 /* Pods-stockMaster.debug.xcconfig */ = {isa = PBXFileReference; includeInIndex = 1; lastKnownFileType = text.xcconfig; name = "Pods-stockMaster.debug.xcconfig"; path = "Target Support Files/Pods-stockMaster/Pods-stockMaster.debug.xcconfig"; sourceTree = "<group>"; };
/* End PBXFileReference section */

/* Begin PBXFrameworksBuildPhase section */
		1E3C7D9627CC08F100B59FFA /* Frameworks */ = {
			isa = PBXFrameworksBuildPhase;
			buildActionMask = 2147483647;
			files = (
				6DFEFE5662313AEAE3C1E69E /* Pods_stockMaster.framework in Frameworks */,
			);
			runOnlyForDeploymentPostprocessing = 0;
		};
/* End PBXFrameworksBuildPhase section */

/* Begin PBXGroup section */
		1E3C7D9027CC08F100B59FFA = {
			isa = PBXGroup;
			children = (
				1E3C7D9B27CC08F100B59FFA /* stockMaster */,
				1E3C7D9A27CC08F100B59FFA /* Products */,
				D408DB7EB16D8AF06F3D23A7 /* Pods */,
				D6E2A7B39B57DFA86EA7143B /* Frameworks */,
			);
			sourceTree = "<group>";
		};
		1E3C7D9A27CC08F100B59FFA /* Products */ = {
			isa = PBXGroup;
			children = (
				1E3C7D9927CC08F100B59FFA /* stockMaster.app */,
			);
			name = Products;
			sourceTree = "<group>";
		};
		1E3C7D9B27CC08F100B59FFA /* stockMaster */ = {
			isa = PBXGroup;
			children = (
				1EC984C727CC0EB400693AF2 /* Constants */,
				1EC984C627CC0E7E00693AF2 /* Controller */,
				1EC984C527CC0E7800693AF2 /* View */,
				1EC984C427CC0E6E00693AF2 /* Model */,
				1E3C7D9C27CC08F100B59FFA /* AppDelegate.swift */,
				1E3C7D9E27CC08F100B59FFA /* SceneDelegate.swift */,
				1E3C7DA527CC08F200B59FFA /* Assets.xcassets */,
				1E3C7DA727CC08F200B59FFA /* LaunchScreen.storyboard */,
				1E3C7DAA27CC08F200B59FFA /* Info.plist */,
			);
			path = stockMaster;
			sourceTree = "<group>";
		};
		1EC984C427CC0E6E00693AF2 /* Model */ = {
			isa = PBXGroup;
			children = (
				1EC984CE27CC104D00693AF2 /* StockShort.swift */,
			);
			path = Model;
			sourceTree = "<group>";
		};
		1EC984C527CC0E7800693AF2 /* View */ = {
			isa = PBXGroup;
			children = (
				1E3C7DA227CC08F100B59FFA /* Main.storyboard */,
			);
			path = View;
			sourceTree = "<group>";
		};
		1EC984C627CC0E7E00693AF2 /* Controller */ = {
			isa = PBXGroup;
			children = (
				1EC984D227CC146500693AF2 /* StockViewController.swift */,
			);
			path = Controller;
			sourceTree = "<group>";
		};
		1EC984C727CC0EB400693AF2 /* Constants */ = {
			isa = PBXGroup;
			children = (
				1EC984C827CC0ECB00693AF2 /* URLConstants.swift */,
				1EC984CA27CC0EE500693AF2 /* APIKeyfile.swift */,
			);
			path = Constants;
			sourceTree = "<group>";
		};
		D408DB7EB16D8AF06F3D23A7 /* Pods */ = {
			isa = PBXGroup;
			children = (
				8ABEF77CEF6D3F2CD875DF37 /* Pods-stockMaster.debug.xcconfig */,
				56DA411AD2E012E2E8301FBD /* Pods-stockMaster.release.xcconfig */,
			);
			path = Pods;
			sourceTree = "<group>";
		};
		D6E2A7B39B57DFA86EA7143B /* Frameworks */ = {
			isa = PBXGroup;
			children = (
				3D225F368F70754A70686016 /* Pods_stockMaster.framework */,
			);
			name = Frameworks;
			sourceTree = "<group>";
		};
/* End PBXGroup section */

/* Begin PBXNativeTarget section */
		1E3C7D9827CC08F100B59FFA /* stockMaster */ = {
			isa = PBXNativeTarget;
			buildConfigurationList = 1E3C7DAD27CC08F200B59FFA /* Build configuration list for PBXNativeTarget "stockMaster" */;
			buildPhases = (
				F0690F675AC9E228D5D55D2E /* [CP] Check Pods Manifest.lock */,
				1E3C7D9527CC08F100B59FFA /* Sources */,
				1E3C7D9627CC08F100B59FFA /* Frameworks */,
				1E3C7D9727CC08F100B59FFA /* Resources */,
				19F3114592EFE09504664757 /* [CP] Embed Pods Frameworks */,
			);
			buildRules = (
			);
			dependencies = (
			);
			name = stockMaster;
			productName = stockMaster;
			productReference = 1E3C7D9927CC08F100B59FFA /* stockMaster.app */;
			productType = "com.apple.product-type.application";
		};
/* End PBXNativeTarget section */

/* Begin PBXProject section */
		1E3C7D9127CC08F100B59FFA /* Project object */ = {
			isa = PBXProject;
			attributes = {
				BuildIndependentTargetsInParallel = 1;
				LastSwiftUpdateCheck = 1320;
				LastUpgradeCheck = 1320;
				TargetAttributes = {
					1E3C7D9827CC08F100B59FFA = {
						CreatedOnToolsVersion = 13.2.1;
					};
				};
			};
			buildConfigurationList = 1E3C7D9427CC08F100B59FFA /* Build configuration list for PBXProject "stockMaster" */;
			compatibilityVersion = "Xcode 13.0";
			developmentRegion = en;
			hasScannedForEncodings = 0;
			knownRegions = (
				en,
				Base,
			);
			mainGroup = 1E3C7D9027CC08F100B59FFA;
			productRefGroup = 1E3C7D9A27CC08F100B59FFA /* Products */;
			projectDirPath = "";
			projectRoot = "";
			targets = (
				1E3C7D9827CC08F100B59FFA /* stockMaster */,
			);
		};
/* End PBXProject section */

/* Begin PBXResourcesBuildPhase section */
		1E3C7D9727CC08F100B59FFA /* Resources */ = {
			isa = PBXResourcesBuildPhase;
			buildActionMask = 2147483647;
			files = (
				1E3C7DA927CC08F200B59FFA /* LaunchScreen.storyboard in Resources */,
				1E3C7DA627CC08F200B59FFA /* Assets.xcassets in Resources */,
				1E3C7DA427CC08F100B59FFA /* Main.storyboard in Resources */,
			);
			runOnlyForDeploymentPostprocessing = 0;
		};
/* End PBXResourcesBuildPhase section */

/* Begin PBXShellScriptBuildPhase section */
		19F3114592EFE09504664757 /* [CP] Embed Pods Frameworks */ = {
			isa = PBXShellScriptBuildPhase;
			buildActionMask = 2147483647;
			files = (
			);
			inputFileListPaths = (
				"${PODS_ROOT}/Target Support Files/Pods-stockMaster/Pods-stockMaster-frameworks-${CONFIGURATION}-input-files.xcfilelist",
			);
			name = "[CP] Embed Pods Frameworks";
			outputFileListPaths = (
				"${PODS_ROOT}/Target Support Files/Pods-stockMaster/Pods-stockMaster-frameworks-${CONFIGURATION}-output-files.xcfilelist",
			);
			runOnlyForDeploymentPostprocessing = 0;
			shellPath = /bin/sh;
			shellScript = "\"${PODS_ROOT}/Target Support Files/Pods-stockMaster/Pods-stockMaster-frameworks.sh\"\n";
			showEnvVarsInLog = 0;
		};
		F0690F675AC9E228D5D55D2E /* [CP] Check Pods Manifest.lock */ = {
			isa = PBXShellScriptBuildPhase;
			buildActionMask = 2147483647;
			files = (
			);
			inputFileListPaths = (
			);
			inputPaths = (
				"${PODS_PODFILE_DIR_PATH}/Podfile.lock",
				"${PODS_ROOT}/Manifest.lock",
			);
			name = "[CP] Check Pods Manifest.lock";
			outputFileListPaths = (
			);
			outputPaths = (
				"$(DERIVED_FILE_DIR)/Pods-stockMaster-checkManifestLockResult.txt",
			);
			runOnlyForDeploymentPostprocessing = 0;
			shellPath = /bin/sh;
			shellScript = "diff \"${PODS_PODFILE_DIR_PATH}/Podfile.lock\" \"${PODS_ROOT}/Manifest.lock\" > /dev/null\nif [ $? != 0 ] ; then\n    # print error to STDERR\n    echo \"error: The sandbox is not in sync with the Podfile.lock. Run 'pod install' or update your CocoaPods installation.\" >&2\n    exit 1\nfi\n# This output is used by Xcode 'outputs' to avoid re-running this script phase.\necho \"SUCCESS\" > \"${SCRIPT_OUTPUT_FILE_0}\"\n";
			showEnvVarsInLog = 0;
		};
/* End PBXShellScriptBuildPhase section */

/* Begin PBXSourcesBuildPhase section */
		1E3C7D9527CC08F100B59FFA /* Sources */ = {
			isa = PBXSourcesBuildPhase;
			buildActionMask = 2147483647;
			files = (
				1EC984C927CC0ECB00693AF2 /* URLConstants.swift in Sources */,
				1EC984D327CC146500693AF2 /* StockViewController.swift in Sources */,
				1E3C7D9D27CC08F100B59FFA /* AppDelegate.swift in Sources */,
				1EC984CF27CC104D00693AF2 /* StockShort.swift in Sources */,
				1EC984CB27CC0EE500693AF2 /* APIKeyfile.swift in Sources */,
				1E3C7D9F27CC08F100B59FFA /* SceneDelegate.swift in Sources */,
			);
			runOnlyForDeploymentPostprocessing = 0;
		};
/* End PBXSourcesBuildPhase section */

/* Begin PBXVariantGroup section */
		1E3C7DA227CC08F100B59FFA /* Main.storyboard */ = {
			isa = PBXVariantGroup;
			children = (
				1E3C7DA327CC08F100B59FFA /* Base */,
			);
			name = Main.storyboard;
			sourceTree = "<group>";
		};
		1E3C7DA727CC08F200B59FFA /* LaunchScreen.storyboard */ = {
			isa = PBXVariantGroup;
			children = (
				1E3C7DA827CC08F200B59FFA /* Base */,
			);
			name = LaunchScreen.storyboard;
			sourceTree = "<group>";
		};
/* End PBXVariantGroup section */

/* Begin XCBuildConfiguration section */
		1E3C7DAB27CC08F200B59FFA /* Debug */ = {
			isa = XCBuildConfiguration;
			buildSettings = {
				ALWAYS_SEARCH_USER_PATHS = NO;
				CLANG_ANALYZER_NONNULL = YES;
				CLANG_ANALYZER_NUMBER_OBJECT_CONVERSION = YES_AGGRESSIVE;
				CLANG_CXX_LANGUAGE_STANDARD = "gnu++17";
				CLANG_CXX_LIBRARY = "libc++";
				CLANG_ENABLE_MODULES = YES;
				CLANG_ENABLE_OBJC_ARC = YES;
				CLANG_ENABLE_OBJC_WEAK = YES;
				CLANG_WARN_BLOCK_CAPTURE_AUTORELEASING = YES;
				CLANG_WARN_BOOL_CONVERSION = YES;
				CLANG_WARN_COMMA = YES;
				CLANG_WARN_CONSTANT_CONVERSION = YES;
				CLANG_WARN_DEPRECATED_OBJC_IMPLEMENTATIONS = YES;
				CLANG_WARN_DIRECT_OBJC_ISA_USAGE = YES_ERROR;
				CLANG_WARN_DOCUMENTATION_COMMENTS = YES;
				CLANG_WARN_EMPTY_BODY = YES;
				CLANG_WARN_ENUM_CONVERSION = YES;
				CLANG_WARN_INFINITE_RECURSION = YES;
				CLANG_WARN_INT_CONVERSION = YES;
				CLANG_WARN_NON_LITERAL_NULL_CONVERSION = YES;
				CLANG_WARN_OBJC_IMPLICIT_RETAIN_SELF = YES;
				CLANG_WARN_OBJC_LITERAL_CONVERSION = YES;
				CLANG_WARN_OBJC_ROOT_CLASS = YES_ERROR;
				CLANG_WARN_QUOTED_INCLUDE_IN_FRAMEWORK_HEADER = YES;
				CLANG_WARN_RANGE_LOOP_ANALYSIS = YES;
				CLANG_WARN_STRICT_PROTOTYPES = YES;
				CLANG_WARN_SUSPICIOUS_MOVE = YES;
				CLANG_WARN_UNGUARDED_AVAILABILITY = YES_AGGRESSIVE;
				CLANG_WARN_UNREACHABLE_CODE = YES;
				CLANG_WARN__DUPLICATE_METHOD_MATCH = YES;
				COPY_PHASE_STRIP = NO;
				DEBUG_INFORMATION_FORMAT = dwarf;
				ENABLE_STRICT_OBJC_MSGSEND = YES;
				ENABLE_TESTABILITY = YES;
				GCC_C_LANGUAGE_STANDARD = gnu11;
				GCC_DYNAMIC_NO_PIC = NO;
				GCC_NO_COMMON_BLOCKS = YES;
				GCC_OPTIMIZATION_LEVEL = 0;
				GCC_PREPROCESSOR_DEFINITIONS = (
					"DEBUG=1",
					"$(inherited)",
				);
				GCC_WARN_64_TO_32_BIT_CONVERSION = YES;
				GCC_WARN_ABOUT_RETURN_TYPE = YES_ERROR;
				GCC_WARN_UNDECLARED_SELECTOR = YES;
				GCC_WARN_UNINITIALIZED_AUTOS = YES_AGGRESSIVE;
				GCC_WARN_UNUSED_FUNCTION = YES;
				GCC_WARN_UNUSED_VARIABLE = YES;
				IPHONEOS_DEPLOYMENT_TARGET = 15.2;
				MTL_ENABLE_DEBUG_INFO = INCLUDE_SOURCE;
				MTL_FAST_MATH = YES;
				ONLY_ACTIVE_ARCH = YES;
				SDKROOT = iphoneos;
				SWIFT_ACTIVE_COMPILATION_CONDITIONS = DEBUG;
				SWIFT_OPTIMIZATION_LEVEL = "-Onone";
			};
			name = Debug;
		};
		1E3C7DAC27CC08F200B59FFA /* Release */ = {
			isa = XCBuildConfiguration;
			buildSettings = {
				ALWAYS_SEARCH_USER_PATHS = NO;
				CLANG_ANALYZER_NONNULL = YES;
				CLANG_ANALYZER_NUMBER_OBJECT_CONVERSION = YES_AGGRESSIVE;
				CLANG_CXX_LANGUAGE_STANDARD = "gnu++17";
				CLANG_CXX_LIBRARY = "libc++";
				CLANG_ENABLE_MODULES = YES;
				CLANG_ENABLE_OBJC_ARC = YES;
				CLANG_ENABLE_OBJC_WEAK = YES;
				CLANG_WARN_BLOCK_CAPTURE_AUTORELEASING = YES;
				CLANG_WARN_BOOL_CONVERSION = YES;
				CLANG_WARN_COMMA = YES;
				CLANG_WARN_CONSTANT_CONVERSION = YES;
				CLANG_WARN_DEPRECATED_OBJC_IMPLEMENTATIONS = YES;
				CLANG_WARN_DIRECT_OBJC_ISA_USAGE = YES_ERROR;
				CLANG_WARN_DOCUMENTATION_COMMENTS = YES;
				CLANG_WARN_EMPTY_BODY = YES;
				CLANG_WARN_ENUM_CONVERSION = YES;
				CLANG_WARN_INFINITE_RECURSION = YES;
				CLANG_WARN_INT_CONVERSION = YES;
				CLANG_WARN_NON_LITERAL_NULL_CONVERSION = YES;
				CLANG_WARN_OBJC_IMPLICIT_RETAIN_SELF = YES;
				CLANG_WARN_OBJC_LITERAL_CONVERSION = YES;
				CLANG_WARN_OBJC_ROOT_CLASS = YES_ERROR;
				CLANG_WARN_QUOTED_INCLUDE_IN_FRAMEWORK_HEADER = YES;
				CLANG_WARN_RANGE_LOOP_ANALYSIS = YES;
				CLANG_WARN_STRICT_PROTOTYPES = YES;
				CLANG_WARN_SUSPICIOUS_MOVE = YES;
				CLANG_WARN_UNGUARDED_AVAILABILITY = YES_AGGRESSIVE;
				CLANG_WARN_UNREACHABLE_CODE = YES;
				CLANG_WARN__DUPLICATE_METHOD_MATCH = YES;
				COPY_PHASE_STRIP = NO;
				DEBUG_INFORMATION_FORMAT = "dwarf-with-dsym";
				ENABLE_NS_ASSERTIONS = NO;
				ENABLE_STRICT_OBJC_MSGSEND = YES;
				GCC_C_LANGUAGE_STANDARD = gnu11;
				GCC_NO_COMMON_BLOCKS = YES;
				GCC_WARN_64_TO_32_BIT_CONVERSION = YES;
				GCC_WARN_ABOUT_RETURN_TYPE = YES_ERROR;
				GCC_WARN_UNDECLARED_SELECTOR = YES;
				GCC_WARN_UNINITIALIZED_AUTOS = YES_AGGRESSIVE;
				GCC_WARN_UNUSED_FUNCTION = YES;
				GCC_WARN_UNUSED_VARIABLE = YES;
				IPHONEOS_DEPLOYMENT_TARGET = 15.2;
				MTL_ENABLE_DEBUG_INFO = NO;
				MTL_FAST_MATH = YES;
				SDKROOT = iphoneos;
				SWIFT_COMPILATION_MODE = wholemodule;
				SWIFT_OPTIMIZATION_LEVEL = "-O";
				VALIDATE_PRODUCT = YES;
			};
			name = Release;
		};
		1E3C7DAE27CC08F200B59FFA /* Debug */ = {
			isa = XCBuildConfiguration;
			baseConfigurationReference = 8ABEF77CEF6D3F2CD875DF37 /* Pods-stockMaster.debug.xcconfig */;
			buildSettings = {
				ASSETCATALOG_COMPILER_APPICON_NAME = AppIcon;
				ASSETCATALOG_COMPILER_GLOBAL_ACCENT_COLOR_NAME = AccentColor;
				CODE_SIGN_STYLE = Automatic;
				CURRENT_PROJECT_VERSION = 1;
				GENERATE_INFOPLIST_FILE = YES;
				INFOPLIST_FILE = stockMaster/Info.plist;
				INFOPLIST_KEY_UIApplicationSupportsIndirectInputEvents = YES;
				INFOPLIST_KEY_UILaunchStoryboardName = LaunchScreen;
				INFOPLIST_KEY_UIMainStoryboardFile = Main;
				INFOPLIST_KEY_UISupportedInterfaceOrientations_iPad = "UIInterfaceOrientationPortrait UIInterfaceOrientationPortraitUpsideDown UIInterfaceOrientationLandscapeLeft UIInterfaceOrientationLandscapeRight";
				INFOPLIST_KEY_UISupportedInterfaceOrientations_iPhone = "UIInterfaceOrientationPortrait UIInterfaceOrientationLandscapeLeft UIInterfaceOrientationLandscapeRight";
				LD_RUNPATH_SEARCH_PATHS = (
					"$(inherited)",
					"@executable_path/Frameworks",
				);
				MARKETING_VERSION = 1.0;
				PRODUCT_BUNDLE_IDENTIFIER = edu.northeastern.martin.stockMaster;
				PRODUCT_NAME = "$(TARGET_NAME)";
				SWIFT_EMIT_LOC_STRINGS = YES;
				SWIFT_VERSION = 5.0;
				TARGETED_DEVICE_FAMILY = "1,2";
			};
			name = Debug;
		};
		1E3C7DAF27CC08F200B59FFA /* Release */ = {
			isa = XCBuildConfiguration;
			baseConfigurationReference = 56DA411AD2E012E2E8301FBD /* Pods-stockMaster.release.xcconfig */;
			buildSettings = {
				ASSETCATALOG_COMPILER_APPICON_NAME = AppIcon;
				ASSETCATALOG_COMPILER_GLOBAL_ACCENT_COLOR_NAME = AccentColor;
				CODE_SIGN_STYLE = Automatic;
				CURRENT_PROJECT_VERSION = 1;
				GENERATE_INFOPLIST_FILE = YES;
				INFOPLIST_FILE = stockMaster/Info.plist;
				INFOPLIST_KEY_UIApplicationSupportsIndirectInputEvents = YES;
				INFOPLIST_KEY_UILaunchStoryboardName = LaunchScreen;
				INFOPLIST_KEY_UIMainStoryboardFile = Main;
				INFOPLIST_KEY_UISupportedInterfaceOrientations_iPad = "UIInterfaceOrientationPortrait UIInterfaceOrientationPortraitUpsideDown UIInterfaceOrientationLandscapeLeft UIInterfaceOrientationLandscapeRight";
				INFOPLIST_KEY_UISupportedInterfaceOrientations_iPhone = "UIInterfaceOrientationPortrait UIInterfaceOrientationLandscapeLeft UIInterfaceOrientationLandscapeRight";
				LD_RUNPATH_SEARCH_PATHS = (
					"$(inherited)",
					"@executable_path/Frameworks",
				);
				MARKETING_VERSION = 1.0;
				PRODUCT_BUNDLE_IDENTIFIER = edu.northeastern.martin.stockMaster;
				PRODUCT_NAME = "$(TARGET_NAME)";
				SWIFT_EMIT_LOC_STRINGS = YES;
				SWIFT_VERSION = 5.0;
				TARGETED_DEVICE_FAMILY = "1,2";
			};
			name = Release;
		};
/* End XCBuildConfiguration section */

/* Begin XCConfigurationList section */
		1E3C7D9427CC08F100B59FFA /* Build configuration list for PBXProject "stockMaster" */ = {
			isa = XCConfigurationList;
			buildConfigurations = (
				1E3C7DAB27CC08F200B59FFA /* Debug */,
				1E3C7DAC27CC08F200B59FFA /* Release */,
			);
			defaultConfigurationIsVisible = 0;
			defaultConfigurationName = Release;
		};
		1E3C7DAD27CC08F200B59FFA /* Build configuration list for PBXNativeTarget "stockMaster" */ = {
			isa = XCConfigurationList;
			buildConfigurations = (
				1E3C7DAE27CC08F200B59FFA /* Debug */,
				1E3C7DAF27CC08F200B59FFA /* Release */,
			);
			defaultConfigurationIsVisible = 0;
			defaultConfigurationName = Release;
		};
/* End XCConfigurationList section */
	};
	rootObject = 1E3C7D9127CC08F100B59FFA /* Project object */;
}
